<?xml version="1.0" encoding="utf-8"?>
<Project ToolsVersion="4.0" xmlns="http://schemas.microsoft.com/developer/msbuild/2003">
  <ItemGroup>
    <ClCompile Include="3ds.c">
      <Filter>Source</Filter>
    </ClCompile>
    <ClCompile Include="dds.c">
      <Filter>Source</Filter>
    </ClCompile>
    <ClCompile Include="engine.c">
      <Filter>Source</Filter>
    </ClCompile>
    <ClCompile Include="font.c">
      <Filter>Source</Filter>
    </ClCompile>
    <ClCompile Include="image.c">
      <Filter>Source</Filter>
    </ClCompile>
    <ClCompile Include="math.c">
      <Filter>Source</Filter>
    </ClCompile>
    <ClCompile Include="opengl.c">
      <Filter>Source</Filter>
    </ClCompile>
    <ClCompile Include="tga.c">
      <Filter>Source</Filter>
    </ClCompile>
    <ClCompile Include="md5.c">
      <Filter>Source</Filter>
    </ClCompile>
    <ClCompile Include="quad_gl.c">
      <Filter>Source</Filter>
    </ClCompile>
    <ClCompile Include="skybox_gl.c">
      <Filter>Source</Filter>
    </ClCompile>
    <ClCompile Include="3ds_gl.c">
      <Filter>Source</Filter>
    </ClCompile>
    <ClCompile Include="md5_gl.c">
      <Filter>Source</Filter>
    </ClCompile>
    <ClCompile Include="camera.c">
      <Filter>Source</Filter>
    </ClCompile>
    <ClCompile Include="win32.c">
      <Filter>Source</Filter>
    </ClCompile>
  </ItemGroup>
  <ItemGroup>
    <ClInclude Include="3ds.h">
      <Filter>Headers</Filter>
    </ClInclude>
    <ClInclude Include="font.h">
      <Filter>Headers</Filter>
    </ClInclude>
    <ClInclude Include="image.h">
      <Filter>Headers</Filter>
    </ClInclude>
    <ClInclude Include="math.h">
      <Filter>Headers</Filter>
    </ClInclude>
    <ClInclude Include="opengl.h">
      <Filter>Headers</Filter>
    </ClInclude>
    <ClInclude Include="md5.h">
      <Filter>Headers</Filter>
    </ClInclude>
    <ClInclude Include="md5_gl.h">
      <Filter>Headers</Filter>
    </ClInclude>
    <ClInclude Include="skybox_gl.h">
      <Filter>Headers</Filter>
    </ClInclude>
    <ClInclude Include="gl_objects.h">
      <Filter>Headers</Filter>
    </ClInclude>
    <ClInclude Include="camera.h">
      <Filter>Headers</Filter>
    </ClInclude>
  </ItemGroup>
  <ItemGroup>
    <Filter Include="Source">
      <UniqueIdentifier>{89b6db9a-3cb0-4397-9ea1-fd66956ee621}</UniqueIdentifier>
    </Filter>
    <Filter Include="Headers">
      <UniqueIdentifier>{5dcac6fa-5678-41a7-a764-3720cf90d5e0}</UniqueIdentifier>
    </Filter>
    <Filter Include="Shaders">
      <UniqueIdentifier>{19472c44-3dca-41c8-b45f-24861c6dd750}</UniqueIdentifier>
    </Filter>
  </ItemGroup>
  <ItemGroup>
    <None Include="shaders\distance_f.glsl">
      <Filter>Shaders</Filter>
    </None>
    <None Include="shaders\distance_v.glsl">
      <Filter>Shaders</Filter>
    </None>
    <None Include="shaders\generic_f.glsl">
      <Filter>Shaders</Filter>
    </None>
    <None Include="shaders\generic_v.glsl">
      <Filter>Shaders</Filter>
    </None>
    <None Include="shaders\light_f.glsl">
      <Filter>Shaders</Filter>
    </None>
    <None Include="shaders\light_v.glsl">
      <Filter>Shaders</Filter>
    </None>
    <None Include="shaders\md5_genverts_c.glsl">
      <Filter>Shaders</Filter>
    </None>
    <None Include="shaders\distance_g.glsl">
      <Filter>Shaders</Filter>
    </None>
    <None Include="shaders\cube_f.glsl">
      <Filter>Shaders</Filter>
    </None>
    <None Include="shaders\cube_v.glsl">
      <Filter>Shaders</Filter>
    </None>
  </ItemGroup>
</Project>