<?xml version="1.0" encoding="utf-8"?>
<Project ToolsVersion="4.0" xmlns="http://schemas.microsoft.com/developer/msbuild/2003">
  <ItemGroup>
    <ClCompile Include="engine.c">
      <Filter>Source</Filter>
    </ClCompile>
    <ClCompile Include="image\dds.c">
      <Filter>Source\image</Filter>
    </ClCompile>
    <ClCompile Include="image\image.c">
      <Filter>Source\image</Filter>
    </ClCompile>
    <ClCompile Include="image\qoi.c">
      <Filter>Source\image</Filter>
    </ClCompile>
    <ClCompile Include="image\tga.c">
      <Filter>Source\image</Filter>
    </ClCompile>
    <ClCompile Include="system\win32.c">
      <Filter>Source\system</Filter>
    </ClCompile>
    <ClCompile Include="model\3ds.c">
      <Filter>Source\model</Filter>
    </ClCompile>
    <ClCompile Include="model\3ds_gl.c">
      <Filter>Source\model</Filter>
    </ClCompile>
    <ClCompile Include="model\beam_gl.c">
      <Filter>Source\model</Filter>
    </ClCompile>
    <ClCompile Include="model\md5.c">
      <Filter>Source\model</Filter>
    </ClCompile>
    <ClCompile Include="model\md5_gl.c">
      <Filter>Source\model</Filter>
    </ClCompile>
    <ClCompile Include="model\obj.c">
      <Filter>Source\model</Filter>
    </ClCompile>
    <ClCompile Include="model\obj_gl.c">
      <Filter>Source\model</Filter>
    </ClCompile>
    <ClCompile Include="model\quad_gl.c">
      <Filter>Source\model</Filter>
    </ClCompile>
    <ClCompile Include="model\skybox_gl.c">
      <Filter>Source\model</Filter>
    </ClCompile>
    <ClCompile Include="opengl\opengl.c">
      <Filter>Source\opengl</Filter>
    </ClCompile>
    <ClCompile Include="camera\camera.c">
      <Filter>Source\camera</Filter>
    </ClCompile>
    <ClCompile Include="font\font.c">
      <Filter>Source\font</Filter>
    </ClCompile>
    <ClCompile Include="math\math.c">
      <Filter>Source\math</Filter>
    </ClCompile>
  </ItemGroup>
  <ItemGroup>
    <ClInclude Include="font.h">
      <Filter>Headers</Filter>
    </ClInclude>
    <ClInclude Include="math.h">
      <Filter>Headers</Filter>
    </ClInclude>
    <ClInclude Include="gl_objects.h">
      <Filter>Headers</Filter>
    </ClInclude>
    <ClInclude Include="camera.h">
      <Filter>Headers</Filter>
    </ClInclude>
    <ClInclude Include="fontdata.h">
      <Filter>Headers</Filter>
    </ClInclude>
    <ClInclude Include="model\3ds.h">
      <Filter>Headers\model</Filter>
    </ClInclude>
    <ClInclude Include="model\3ds_gl.h">
      <Filter>Headers\model</Filter>
    </ClInclude>
    <ClInclude Include="model\beam_gl.h">
      <Filter>Headers\model</Filter>
    </ClInclude>
    <ClInclude Include="model\md5.h">
      <Filter>Headers\model</Filter>
    </ClInclude>
    <ClInclude Include="model\md5_gl.h">
      <Filter>Headers\model</Filter>
    </ClInclude>
    <ClInclude Include="model\obj.h">
      <Filter>Headers\model</Filter>
    </ClInclude>
    <ClInclude Include="model\obj_gl.h">
      <Filter>Headers\model</Filter>
    </ClInclude>
    <ClInclude Include="model\skybox_gl.h">
      <Filter>Headers\model</Filter>
    </ClInclude>
    <ClInclude Include="image\image.h">
      <Filter>Headers\image</Filter>
    </ClInclude>
    <ClInclude Include="opengl\opengl.h">
      <Filter>Headers\opengl</Filter>
    </ClInclude>
    <ClInclude Include="system\system.h">
      <Filter>Headers\system</Filter>
    </ClInclude>
    <ClInclude Include="math\math.h">
      <Filter>Headers\math</Filter>
    </ClInclude>
    <ClInclude Include="font\font.h">
      <Filter>Headers\font</Filter>
    </ClInclude>
    <ClInclude Include="font\fontdata.h">
      <Filter>Headers\font</Filter>
    </ClInclude>
    <ClInclude Include="camera\camera.h">
      <Filter>Headers\camera</Filter>
    </ClInclude>
  </ItemGroup>
  <ItemGroup>
    <Filter Include="Source">
      <UniqueIdentifier>{89b6db9a-3cb0-4397-9ea1-fd66956ee621}</UniqueIdentifier>
    </Filter>
    <Filter Include="Headers">
      <UniqueIdentifier>{5dcac6fa-5678-41a7-a764-3720cf90d5e0}</UniqueIdentifier>
    </Filter>
    <Filter Include="Shaders">
      <UniqueIdentifier>{19472c44-3dca-41c8-b45f-24861c6dd750}</UniqueIdentifier>
    </Filter>
    <Filter Include="Headers\opengl">
      <UniqueIdentifier>{cbd307d4-2afc-426a-86b8-0c68c0eb3e71}</UniqueIdentifier>
    </Filter>
    <Filter Include="Headers\image">
      <UniqueIdentifier>{6733a0c0-a52f-4277-b29a-468e76076855}</UniqueIdentifier>
    </Filter>
    <Filter Include="Headers\system">
      <UniqueIdentifier>{ac69d420-53cf-420b-847a-c2793c255451}</UniqueIdentifier>
    </Filter>
    <Filter Include="Source\math">
      <UniqueIdentifier>{2a2ccd8a-5206-40f8-ae1c-b922bdb1a9ea}</UniqueIdentifier>
    </Filter>
    <Filter Include="Source\camera">
      <UniqueIdentifier>{5a1ba802-8abb-47c4-8238-9c69a1a1458b}</UniqueIdentifier>
    </Filter>
    <Filter Include="Source\font">
      <UniqueIdentifier>{b2d7f65b-3f20-4f50-9040-599d8e78ed3a}</UniqueIdentifier>
    </Filter>
    <Filter Include="Source\image">
      <UniqueIdentifier>{52ff548e-5553-46f6-b2fa-b3c18594f01c}</UniqueIdentifier>
    </Filter>
    <Filter Include="Source\model">
      <UniqueIdentifier>{c19ccb72-0205-4ec7-a803-6ac3354cf229}</UniqueIdentifier>
    </Filter>
    <Filter Include="Source\opengl">
      <UniqueIdentifier>{e6de9510-ab7f-4c95-ace2-c43bc924b4a4}</UniqueIdentifier>
    </Filter>
    <Filter Include="Source\system">
      <UniqueIdentifier>{27b10ba6-d2ab-4255-a9b9-6895c96dc384}</UniqueIdentifier>
    </Filter>
    <Filter Include="Headers\model">
      <UniqueIdentifier>{b34d12fd-2845-4800-8032-08a90f0b89ee}</UniqueIdentifier>
    </Filter>
    <Filter Include="Headers\math">
      <UniqueIdentifier>{513051b0-3b48-4c43-bad1-496771b02107}</UniqueIdentifier>
    </Filter>
    <Filter Include="Headers\font">
      <UniqueIdentifier>{ec536bd8-db8b-4fc0-80b2-b0a6a92c5047}</UniqueIdentifier>
    </Filter>
    <Filter Include="Headers\camera">
      <UniqueIdentifier>{d6861cb8-00f3-45f5-bf03-d45525f2e345}</UniqueIdentifier>
    </Filter>
  </ItemGroup>
  <ItemGroup>
    <None Include="shaders\distance_f.glsl">
      <Filter>Shaders</Filter>
    </None>
    <None Include="shaders\distance_v.glsl">
      <Filter>Shaders</Filter>
    </None>
    <None Include="shaders\generic_f.glsl">
      <Filter>Shaders</Filter>
    </None>
    <None Include="shaders\generic_v.glsl">
      <Filter>Shaders</Filter>
    </None>
    <None Include="shaders\light_f.glsl">
      <Filter>Shaders</Filter>
    </None>
    <None Include="shaders\light_v.glsl">
      <Filter>Shaders</Filter>
    </None>
    <None Include="shaders\md5_genverts_c.glsl">
      <Filter>Shaders</Filter>
    </None>
    <None Include="shaders\distance_g.glsl">
      <Filter>Shaders</Filter>
    </None>
    <None Include="shaders\cube_f.glsl">
      <Filter>Shaders</Filter>
    </None>
    <None Include="shaders\cube_v.glsl">
      <Filter>Shaders</Filter>
    </None>
    <None Include="shaders\beam_f.glsl">
      <Filter>Shaders</Filter>
    </None>
    <None Include="shaders\beam_v.glsl">
      <Filter>Shaders</Filter>
    </None>
    <None Include="shaders\tbnvis_g.glsl">
      <Filter>Shaders</Filter>
    </None>
  </ItemGroup>
</Project>