<?xml version="1.0" encoding="utf-8"?>
<Project ToolsVersion="4.0" xmlns="http://schemas.microsoft.com/developer/msbuild/2003">
  <ItemGroup>
    <ClCompile Include="engine.c">
      <Filter>Source</Filter>
    </ClCompile>
    <ClCompile Include="image\dds.c">
      <Filter>Source\image</Filter>
    </ClCompile>
    <ClCompile Include="image\image.c">
      <Filter>Source\image</Filter>
    </ClCompile>
    <ClCompile Include="image\qoi.c">
      <Filter>Source\image</Filter>
    </ClCompile>
    <ClCompile Include="image\tga.c">
      <Filter>Source\image</Filter>
    </ClCompile>
    <ClCompile Include="system\win32.c">
      <Filter>Source\system</Filter>
    </ClCompile>
    <ClCompile Include="model\3ds.c">
      <Filter>Source\model</Filter>
    </ClCompile>
    <ClCompile Include="model\3ds_gl.c">
      <Filter>Source\model</Filter>
    </ClCompile>
    <ClCompile Include="model\beam_gl.c">
      <Filter>Source\model</Filter>
    </ClCompile>
    <ClCompile Include="model\md5.c">
      <Filter>Source\model</Filter>
    </ClCompile>
    <ClCompile Include="model\md5_gl.c">
      <Filter>Source\model</Filter>
    </ClCompile>
    <ClCompile Include="model\obj.c">
      <Filter>Source\model</Filter>
    </ClCompile>
    <ClCompile Include="model\obj_gl.c">
      <Filter>Source\model</Filter>
    </ClCompile>
    <ClCompile Include="model\quad_gl.c">
      <Filter>Source\model</Filter>
    </ClCompile>
    <ClCompile Include="model\skybox_gl.c">
      <Filter>Source\model</Filter>
    </ClCompile>
    <ClCompile Include="opengl\opengl.c">
      <Filter>Source\opengl</Filter>
    </ClCompile>
    <ClCompile Include="camera\camera.c">
      <Filter>Source\camera</Filter>
    </ClCompile>
    <ClCompile Include="font\font.c">
      <Filter>Source\font</Filter>
    </ClCompile>
    <ClCompile Include="math\math.c">
      <Filter>Source\math</Filter>
    </ClCompile>
    <ClCompile Include="audio\audio.c">
      <Filter>Source\audio</Filter>
    </ClCompile>
    <ClCompile Include="audio\wave.c">
      <Filter>Source\audio</Filter>
    </ClCompile>
    <ClCompile Include="math\fft.c">
      <Filter>Source\math</Filter>
    </ClCompile>
    <ClCompile Include="opencl\opencl.c">
      <Filter>Source\opencl</Filter>
    </ClCompile>
    <ClCompile Include="fluid\fluid3d.c">
      <Filter>Source\fluid</Filter>
    </ClCompile>
    <ClCompile Include="particle\particle.c">
      <Filter>Source\particle</Filter>
    </ClCompile>
    <ClCompile Include="lights\lights.c">
      <Filter>Source\lights</Filter>
    </ClCompile>
    <ClCompile Include="utils\list.c">
      <Filter>Source\utils</Filter>
    </ClCompile>
    <ClCompile Include="q2bsp.c">
      <Filter>Source</Filter>
    </ClCompile>
  </ItemGroup>
  <ItemGroup>
    <ClInclude Include="gl_objects.h">
      <Filter>Headers</Filter>
    </ClInclude>
    <ClInclude Include="model\3ds.h">
      <Filter>Headers\model</Filter>
    </ClInclude>
    <ClInclude Include="model\3ds_gl.h">
      <Filter>Headers\model</Filter>
    </ClInclude>
    <ClInclude Include="model\beam_gl.h">
      <Filter>Headers\model</Filter>
    </ClInclude>
    <ClInclude Include="model\md5.h">
      <Filter>Headers\model</Filter>
    </ClInclude>
    <ClInclude Include="model\md5_gl.h">
      <Filter>Headers\model</Filter>
    </ClInclude>
    <ClInclude Include="model\obj.h">
      <Filter>Headers\model</Filter>
    </ClInclude>
    <ClInclude Include="model\obj_gl.h">
      <Filter>Headers\model</Filter>
    </ClInclude>
    <ClInclude Include="model\skybox_gl.h">
      <Filter>Headers\model</Filter>
    </ClInclude>
    <ClInclude Include="image\image.h">
      <Filter>Headers\image</Filter>
    </ClInclude>
    <ClInclude Include="opengl\opengl.h">
      <Filter>Headers\opengl</Filter>
    </ClInclude>
    <ClInclude Include="system\system.h">
      <Filter>Headers\system</Filter>
    </ClInclude>
    <ClInclude Include="math\math.h">
      <Filter>Headers\math</Filter>
    </ClInclude>
    <ClInclude Include="font\font.h">
      <Filter>Headers\font</Filter>
    </ClInclude>
    <ClInclude Include="font\fontdata.h">
      <Filter>Headers\font</Filter>
    </ClInclude>
    <ClInclude Include="camera\camera.h">
      <Filter>Headers\camera</Filter>
    </ClInclude>
    <ClInclude Include="audio\audio.h">
      <Filter>Headers\audio</Filter>
    </ClInclude>
    <ClInclude Include="math\fft.h">
      <Filter>Headers\math</Filter>
    </ClInclude>
    <ClInclude Include="fluid\fluid3d.h">
      <Filter>Headers\fluid</Filter>
    </ClInclude>
    <ClInclude Include="opencl\opencl.h">
      <Filter>Headers\opencl</Filter>
    </ClInclude>
    <ClInclude Include="particle\particle.h">
      <Filter>Headers\particle</Filter>
    </ClInclude>
    <ClInclude Include="lights\lights.h">
      <Filter>Headers\lights</Filter>
    </ClInclude>
    <ClInclude Include="utils\list.h">
      <Filter>Headers\utils</Filter>
    </ClInclude>
    <ClInclude Include="q2bsp.h">
      <Filter>Headers</Filter>
    </ClInclude>
  </ItemGroup>
  <ItemGroup>
    <Filter Include="Source">
      <UniqueIdentifier>{89b6db9a-3cb0-4397-9ea1-fd66956ee621}</UniqueIdentifier>
    </Filter>
    <Filter Include="Headers">
      <UniqueIdentifier>{5dcac6fa-5678-41a7-a764-3720cf90d5e0}</UniqueIdentifier>
    </Filter>
    <Filter Include="Shaders">
      <UniqueIdentifier>{19472c44-3dca-41c8-b45f-24861c6dd750}</UniqueIdentifier>
    </Filter>
    <Filter Include="Headers\opengl">
      <UniqueIdentifier>{cbd307d4-2afc-426a-86b8-0c68c0eb3e71}</UniqueIdentifier>
    </Filter>
    <Filter Include="Headers\image">
      <UniqueIdentifier>{6733a0c0-a52f-4277-b29a-468e76076855}</UniqueIdentifier>
    </Filter>
    <Filter Include="Headers\system">
      <UniqueIdentifier>{ac69d420-53cf-420b-847a-c2793c255451}</UniqueIdentifier>
    </Filter>
    <Filter Include="Source\math">
      <UniqueIdentifier>{2a2ccd8a-5206-40f8-ae1c-b922bdb1a9ea}</UniqueIdentifier>
    </Filter>
    <Filter Include="Source\camera">
      <UniqueIdentifier>{5a1ba802-8abb-47c4-8238-9c69a1a1458b}</UniqueIdentifier>
    </Filter>
    <Filter Include="Source\font">
      <UniqueIdentifier>{b2d7f65b-3f20-4f50-9040-599d8e78ed3a}</UniqueIdentifier>
    </Filter>
    <Filter Include="Source\image">
      <UniqueIdentifier>{52ff548e-5553-46f6-b2fa-b3c18594f01c}</UniqueIdentifier>
    </Filter>
    <Filter Include="Source\model">
      <UniqueIdentifier>{c19ccb72-0205-4ec7-a803-6ac3354cf229}</UniqueIdentifier>
    </Filter>
    <Filter Include="Source\opengl">
      <UniqueIdentifier>{e6de9510-ab7f-4c95-ace2-c43bc924b4a4}</UniqueIdentifier>
    </Filter>
    <Filter Include="Source\system">
      <UniqueIdentifier>{27b10ba6-d2ab-4255-a9b9-6895c96dc384}</UniqueIdentifier>
    </Filter>
    <Filter Include="Headers\model">
      <UniqueIdentifier>{b34d12fd-2845-4800-8032-08a90f0b89ee}</UniqueIdentifier>
    </Filter>
    <Filter Include="Headers\math">
      <UniqueIdentifier>{513051b0-3b48-4c43-bad1-496771b02107}</UniqueIdentifier>
    </Filter>
    <Filter Include="Headers\font">
      <UniqueIdentifier>{ec536bd8-db8b-4fc0-80b2-b0a6a92c5047}</UniqueIdentifier>
    </Filter>
    <Filter Include="Headers\camera">
      <UniqueIdentifier>{d6861cb8-00f3-45f5-bf03-d45525f2e345}</UniqueIdentifier>
    </Filter>
    <Filter Include="Headers\audio">
      <UniqueIdentifier>{27f95183-89b8-4c52-b3e3-22e28ceb4f68}</UniqueIdentifier>
    </Filter>
    <Filter Include="Source\audio">
      <UniqueIdentifier>{9fadab17-c696-4b55-8518-fc394868aecb}</UniqueIdentifier>
    </Filter>
    <Filter Include="Source\fluid">
      <UniqueIdentifier>{9dd159e8-a559-4a0d-a4ab-dbb73e6fae81}</UniqueIdentifier>
    </Filter>
    <Filter Include="Source\opencl">
      <UniqueIdentifier>{8ec2d120-0dcc-45bb-921c-98440aec5391}</UniqueIdentifier>
    </Filter>
    <Filter Include="Headers\opencl">
      <UniqueIdentifier>{ed875db9-7ddc-4e13-8623-8cfe9515a06a}</UniqueIdentifier>
    </Filter>
    <Filter Include="Headers\fluid">
      <UniqueIdentifier>{78339d38-167e-4216-9024-09e7095e5e06}</UniqueIdentifier>
    </Filter>
    <Filter Include="Source\particle">
      <UniqueIdentifier>{e18cac6a-33de-4452-90f9-3faa7f80e0e1}</UniqueIdentifier>
    </Filter>
    <Filter Include="Headers\particle">
      <UniqueIdentifier>{1e03de03-c579-4694-89fb-82fec104f6a5}</UniqueIdentifier>
    </Filter>
    <Filter Include="Source\lights">
      <UniqueIdentifier>{025444ff-7152-43a6-b35e-703e21e85a8f}</UniqueIdentifier>
    </Filter>
    <Filter Include="Headers\lights">
      <UniqueIdentifier>{63016425-a2da-44dd-b296-cd37c8fcb188}</UniqueIdentifier>
    </Filter>
    <Filter Include="Source\utils">
      <UniqueIdentifier>{0512ab7d-7994-4793-be54-2220f4a05da4}</UniqueIdentifier>
    </Filter>
    <Filter Include="Headers\utils">
      <UniqueIdentifier>{1db3079f-12d8-4d04-9d71-2492b71c963a}</UniqueIdentifier>
    </Filter>
  </ItemGroup>
  <ItemGroup>
    <None Include="shaders\distance_f.glsl">
      <Filter>Shaders</Filter>
    </None>
    <None Include="shaders\distance_v.glsl">
      <Filter>Shaders</Filter>
    </None>
    <None Include="shaders\generic_f.glsl">
      <Filter>Shaders</Filter>
    </None>
    <None Include="shaders\generic_v.glsl">
      <Filter>Shaders</Filter>
    </None>
    <None Include="shaders\light_f.glsl">
      <Filter>Shaders</Filter>
    </None>
    <None Include="shaders\light_v.glsl">
      <Filter>Shaders</Filter>
    </None>
    <None Include="shaders\md5_genverts_c.glsl">
      <Filter>Shaders</Filter>
    </None>
    <None Include="shaders\distance_g.glsl">
      <Filter>Shaders</Filter>
    </None>
    <None Include="shaders\vol_f.glsl">
      <Filter>Shaders</Filter>
    </None>
    <None Include="shaders\vol_v.glsl">
      <Filter>Shaders</Filter>
    </None>
    <None Include="shaders\beam_f.glsl">
      <Filter>Shaders</Filter>
    </None>
    <None Include="shaders\beam_v.glsl">
      <Filter>Shaders</Filter>
    </None>
    <None Include="shaders\tbnvis_g.glsl">
      <Filter>Shaders</Filter>
    </None>
    <None Include="fluid\fluid3d.cl">
      <Filter>Shaders</Filter>
    </None>
    <None Include="shaders\particle_f.glsl">
      <Filter>Shaders</Filter>
    </None>
    <None Include="shaders\particle_g.glsl">
      <Filter>Shaders</Filter>
    </None>
    <None Include="shaders\particle_v.glsl">
      <Filter>Shaders</Filter>
    </None>
    <None Include="shaders\bezier_f.glsl">
      <Filter>Shaders</Filter>
    </None>
    <None Include="shaders\bezier_v.glsl">
      <Filter>Shaders</Filter>
    </None>
    <None Include="shaders\bezier_g.glsl">
      <Filter>Shaders</Filter>
    </None>
  </ItemGroup>
</Project>